// !$*UTF8*$!
{
	archiveVersion = 1;
	classes = {
	};
	objectVersion = 50;
	objects = {

/* Begin PBXBuildFile section */
		98119528215B158D003990DE /* AppDelegate.swift in Sources */ = {isa = PBXBuildFile; fileRef = 98119527215B158D003990DE /* AppDelegate.swift */; };
		9811952F215B158F003990DE /* Assets.xcassets in Resources */ = {isa = PBXBuildFile; fileRef = 9811952E215B158F003990DE /* Assets.xcassets */; };
		98119532215B158F003990DE /* LaunchScreen.storyboard in Resources */ = {isa = PBXBuildFile; fileRef = 98119530215B158F003990DE /* LaunchScreen.storyboard */; };
		9811953D215B158F003990DE /* FormLibraryTests.swift in Sources */ = {isa = PBXBuildFile; fileRef = 9811953C215B158F003990DE /* FormLibraryTests.swift */; };
		98119548215B158F003990DE /* FormLibraryUITests.swift in Sources */ = {isa = PBXBuildFile; fileRef = 98119547215B158F003990DE /* FormLibraryUITests.swift */; };
		98119558215B1860003990DE /* CBMFormTableViewController.swift in Sources */ = {isa = PBXBuildFile; fileRef = 98119557215B1860003990DE /* CBMFormTableViewController.swift */; };
		9811955A215B1966003990DE /* CBMFormSectionAttributes.swift in Sources */ = {isa = PBXBuildFile; fileRef = 98119559215B1966003990DE /* CBMFormSectionAttributes.swift */; };
		9811955C215B1BD1003990DE /* CBMFormRootCell.swift in Sources */ = {isa = PBXBuildFile; fileRef = 9811955B215B1BD1003990DE /* CBMFormRootCell.swift */; };
		9811955E215B2245003990DE /* ExampleFormTableViewController.swift in Sources */ = {isa = PBXBuildFile; fileRef = 9811955D215B2245003990DE /* ExampleFormTableViewController.swift */; };
		98119560215B2407003990DE /* CBMTextInputCell.swift in Sources */ = {isa = PBXBuildFile; fileRef = 9811955F215B2407003990DE /* CBMTextInputCell.swift */; };
		9818A214216E425000868565 /* CBMFormTextField.swift in Sources */ = {isa = PBXBuildFile; fileRef = 9818A213216E425000868565 /* CBMFormTextField.swift */; };
		98D7AF63215BFEE400DD79F5 /* CBMGeneralUserInfoViewModel.swift in Sources */ = {isa = PBXBuildFile; fileRef = 98D7AF62215BFEE400DD79F5 /* CBMGeneralUserInfoViewModel.swift */; };
		98D7AF67215C1A5E00DD79F5 /* CBMCancelSubscriptionNavigationController.swift in Sources */ = {isa = PBXBuildFile; fileRef = 98D7AF66215C1A5E00DD79F5 /* CBMCancelSubscriptionNavigationController.swift */; };
		98D7AF69215C321C00DD79F5 /* CBMAddressInfoViewController.swift in Sources */ = {isa = PBXBuildFile; fileRef = 98D7AF68215C321C00DD79F5 /* CBMAddressInfoViewController.swift */; };
		98D7AF6B215C322D00DD79F5 /* CBMAddressInfoViewModel.swift in Sources */ = {isa = PBXBuildFile; fileRef = 98D7AF6A215C322D00DD79F5 /* CBMAddressInfoViewModel.swift */; };
		98DE36BC215EEAB800AD1866 /* Style.swift in Sources */ = {isa = PBXBuildFile; fileRef = 98DE36BB215EEAB800AD1866 /* Style.swift */; };
		98EE8484215DC2BF00E7A77D /* CBMCustomKeyboardToolBar.swift in Sources */ = {isa = PBXBuildFile; fileRef = 98EE8483215DC2BF00E7A77D /* CBMCustomKeyboardToolBar.swift */; };
		98EE8486215DC2DC00E7A77D /* CBMCancelBillUserInfo.swift in Sources */ = {isa = PBXBuildFile; fileRef = 98EE8485215DC2DC00E7A77D /* CBMCancelBillUserInfo.swift */; };
		98EE8488215DC32200E7A77D /* CBMConfirmationViewController.swift in Sources */ = {isa = PBXBuildFile; fileRef = 98EE8487215DC32200E7A77D /* CBMConfirmationViewController.swift */; };
		98EE848A215DC35800E7A77D /* Extensions.swift in Sources */ = {isa = PBXBuildFile; fileRef = 98EE8489215DC35800E7A77D /* Extensions.swift */; };
		98EE848C215DC3A400E7A77D /* CBMUserInfoFooterView.swift in Sources */ = {isa = PBXBuildFile; fileRef = 98EE848B215DC3A400E7A77D /* CBMUserInfoFooterView.swift */; };
		98EE848E215DC3D600E7A77D /* CBMUserInfoHeaderView.swift in Sources */ = {isa = PBXBuildFile; fileRef = 98EE848D215DC3D600E7A77D /* CBMUserInfoHeaderView.swift */; };
/* End PBXBuildFile section */

/* Begin PBXContainerItemProxy section */
		98119539215B158F003990DE /* PBXContainerItemProxy */ = {
			isa = PBXContainerItemProxy;
			containerPortal = 9811951C215B158D003990DE /* Project object */;
			proxyType = 1;
			remoteGlobalIDString = 98119523215B158D003990DE;
			remoteInfo = FormLibrary;
		};
		98119544215B158F003990DE /* PBXContainerItemProxy */ = {
			isa = PBXContainerItemProxy;
			containerPortal = 9811951C215B158D003990DE /* Project object */;
			proxyType = 1;
			remoteGlobalIDString = 98119523215B158D003990DE;
			remoteInfo = FormLibrary;
		};
/* End PBXContainerItemProxy section */

/* Begin PBXFileReference section */
		98119524215B158D003990DE /* FormLibrary.app */ = {isa = PBXFileReference; explicitFileType = wrapper.application; includeInIndex = 0; path = FormLibrary.app; sourceTree = BUILT_PRODUCTS_DIR; };
		98119527215B158D003990DE /* AppDelegate.swift */ = {isa = PBXFileReference; lastKnownFileType = sourcecode.swift; path = AppDelegate.swift; sourceTree = "<group>"; };
		9811952E215B158F003990DE /* Assets.xcassets */ = {isa = PBXFileReference; lastKnownFileType = folder.assetcatalog; path = Assets.xcassets; sourceTree = "<group>"; };
		98119531215B158F003990DE /* Base */ = {isa = PBXFileReference; lastKnownFileType = file.storyboard; name = Base; path = Base.lproj/LaunchScreen.storyboard; sourceTree = "<group>"; };
		98119533215B158F003990DE /* Info.plist */ = {isa = PBXFileReference; lastKnownFileType = text.plist.xml; path = Info.plist; sourceTree = "<group>"; };
		98119538215B158F003990DE /* FormLibraryTests.xctest */ = {isa = PBXFileReference; explicitFileType = wrapper.cfbundle; includeInIndex = 0; path = FormLibraryTests.xctest; sourceTree = BUILT_PRODUCTS_DIR; };
		9811953C215B158F003990DE /* FormLibraryTests.swift */ = {isa = PBXFileReference; lastKnownFileType = sourcecode.swift; path = FormLibraryTests.swift; sourceTree = "<group>"; };
		9811953E215B158F003990DE /* Info.plist */ = {isa = PBXFileReference; lastKnownFileType = text.plist.xml; path = Info.plist; sourceTree = "<group>"; };
		98119543215B158F003990DE /* FormLibraryUITests.xctest */ = {isa = PBXFileReference; explicitFileType = wrapper.cfbundle; includeInIndex = 0; path = FormLibraryUITests.xctest; sourceTree = BUILT_PRODUCTS_DIR; };
		98119547215B158F003990DE /* FormLibraryUITests.swift */ = {isa = PBXFileReference; lastKnownFileType = sourcecode.swift; path = FormLibraryUITests.swift; sourceTree = "<group>"; };
		98119549215B158F003990DE /* Info.plist */ = {isa = PBXFileReference; lastKnownFileType = text.plist.xml; path = Info.plist; sourceTree = "<group>"; };
		98119557215B1860003990DE /* CBMFormTableViewController.swift */ = {isa = PBXFileReference; lastKnownFileType = sourcecode.swift; path = CBMFormTableViewController.swift; sourceTree = "<group>"; };
		98119559215B1966003990DE /* CBMFormSectionAttributes.swift */ = {isa = PBXFileReference; lastKnownFileType = sourcecode.swift; path = CBMFormSectionAttributes.swift; sourceTree = "<group>"; };
		9811955B215B1BD1003990DE /* CBMFormRootCell.swift */ = {isa = PBXFileReference; lastKnownFileType = sourcecode.swift; path = CBMFormRootCell.swift; sourceTree = "<group>"; };
		9811955D215B2245003990DE /* ExampleFormTableViewController.swift */ = {isa = PBXFileReference; lastKnownFileType = sourcecode.swift; path = ExampleFormTableViewController.swift; sourceTree = "<group>"; };
		9811955F215B2407003990DE /* CBMTextInputCell.swift */ = {isa = PBXFileReference; lastKnownFileType = sourcecode.swift; path = CBMTextInputCell.swift; sourceTree = "<group>"; };
		9818A213216E425000868565 /* CBMFormTextField.swift */ = {isa = PBXFileReference; lastKnownFileType = sourcecode.swift; path = CBMFormTextField.swift; sourceTree = "<group>"; };
		98D7AF62215BFEE400DD79F5 /* CBMGeneralUserInfoViewModel.swift */ = {isa = PBXFileReference; lastKnownFileType = sourcecode.swift; path = CBMGeneralUserInfoViewModel.swift; sourceTree = "<group>"; };
		98D7AF66215C1A5E00DD79F5 /* CBMCancelSubscriptionNavigationController.swift */ = {isa = PBXFileReference; lastKnownFileType = sourcecode.swift; path = CBMCancelSubscriptionNavigationController.swift; sourceTree = "<group>"; };
		98D7AF68215C321C00DD79F5 /* CBMAddressInfoViewController.swift */ = {isa = PBXFileReference; lastKnownFileType = sourcecode.swift; path = CBMAddressInfoViewController.swift; sourceTree = "<group>"; };
		98D7AF6A215C322D00DD79F5 /* CBMAddressInfoViewModel.swift */ = {isa = PBXFileReference; lastKnownFileType = sourcecode.swift; path = CBMAddressInfoViewModel.swift; sourceTree = "<group>"; };
		98DE36BB215EEAB800AD1866 /* Style.swift */ = {isa = PBXFileReference; lastKnownFileType = sourcecode.swift; path = Style.swift; sourceTree = "<group>"; };
		98EE8483215DC2BF00E7A77D /* CBMCustomKeyboardToolBar.swift */ = {isa = PBXFileReference; lastKnownFileType = sourcecode.swift; path = CBMCustomKeyboardToolBar.swift; sourceTree = "<group>"; };
		98EE8485215DC2DC00E7A77D /* CBMCancelBillUserInfo.swift */ = {isa = PBXFileReference; lastKnownFileType = sourcecode.swift; path = CBMCancelBillUserInfo.swift; sourceTree = "<group>"; };
		98EE8487215DC32200E7A77D /* CBMConfirmationViewController.swift */ = {isa = PBXFileReference; lastKnownFileType = sourcecode.swift; path = CBMConfirmationViewController.swift; sourceTree = "<group>"; };
		98EE8489215DC35800E7A77D /* Extensions.swift */ = {isa = PBXFileReference; lastKnownFileType = sourcecode.swift; path = Extensions.swift; sourceTree = "<group>"; };
		98EE848B215DC3A400E7A77D /* CBMUserInfoFooterView.swift */ = {isa = PBXFileReference; lastKnownFileType = sourcecode.swift; path = CBMUserInfoFooterView.swift; sourceTree = "<group>"; };
		98EE848D215DC3D600E7A77D /* CBMUserInfoHeaderView.swift */ = {isa = PBXFileReference; lastKnownFileType = sourcecode.swift; path = CBMUserInfoHeaderView.swift; sourceTree = "<group>"; };
/* End PBXFileReference section */

/* Begin PBXFrameworksBuildPhase section */
		98119521215B158D003990DE /* Frameworks */ = {
			isa = PBXFrameworksBuildPhase;
			buildActionMask = 2147483647;
			files = (
			);
			runOnlyForDeploymentPostprocessing = 0;
		};
		98119535215B158F003990DE /* Frameworks */ = {
			isa = PBXFrameworksBuildPhase;
			buildActionMask = 2147483647;
			files = (
			);
			runOnlyForDeploymentPostprocessing = 0;
		};
		98119540215B158F003990DE /* Frameworks */ = {
			isa = PBXFrameworksBuildPhase;
			buildActionMask = 2147483647;
			files = (
			);
			runOnlyForDeploymentPostprocessing = 0;
		};
/* End PBXFrameworksBuildPhase section */

/* Begin PBXGroup section */
		9811951B215B158D003990DE = {
			isa = PBXGroup;
			children = (
				98119526215B158D003990DE /* FormLibrary */,
				9811953B215B158F003990DE /* FormLibraryTests */,
				98119546215B158F003990DE /* FormLibraryUITests */,
				98119525215B158D003990DE /* Products */,
			);
			sourceTree = "<group>";
		};
		98119525215B158D003990DE /* Products */ = {
			isa = PBXGroup;
			children = (
				98119524215B158D003990DE /* FormLibrary.app */,
				98119538215B158F003990DE /* FormLibraryTests.xctest */,
				98119543215B158F003990DE /* FormLibraryUITests.xctest */,
			);
			name = Products;
			sourceTree = "<group>";
		};
		98119526215B158D003990DE /* FormLibrary */ = {
			isa = PBXGroup;
			children = (
				98119527215B158D003990DE /* AppDelegate.swift */,
				9811952E215B158F003990DE /* Assets.xcassets */,
				98119530215B158F003990DE /* LaunchScreen.storyboard */,
				98119533215B158F003990DE /* Info.plist */,
				98D7AF68215C321C00DD79F5 /* CBMAddressInfoViewController.swift */,
				98D7AF6A215C322D00DD79F5 /* CBMAddressInfoViewModel.swift */,
				98EE8492215DC7F000E7A77D /* Form Lib */,
				98EE8482215DC23C00E7A77D /* CBM */,
			);
			path = FormLibrary;
			sourceTree = "<group>";
		};
		9811953B215B158F003990DE /* FormLibraryTests */ = {
			isa = PBXGroup;
			children = (
				9811953C215B158F003990DE /* FormLibraryTests.swift */,
				9811953E215B158F003990DE /* Info.plist */,
			);
			path = FormLibraryTests;
			sourceTree = "<group>";
		};
		98119546215B158F003990DE /* FormLibraryUITests */ = {
			isa = PBXGroup;
			children = (
				98119547215B158F003990DE /* FormLibraryUITests.swift */,
				98119549215B158F003990DE /* Info.plist */,
			);
			path = FormLibraryUITests;
			sourceTree = "<group>";
		};
		98EE8482215DC23C00E7A77D /* CBM */ = {
			isa = PBXGroup;
			children = (
				98D7AF62215BFEE400DD79F5 /* CBMGeneralUserInfoViewModel.swift */,
				98EE8485215DC2DC00E7A77D /* CBMCancelBillUserInfo.swift */,
				98EE8489215DC35800E7A77D /* Extensions.swift */,
				98EE848F215DC49D00E7A77D /* View Controllers */,
				98EE8490215DC4B500E7A77D /* Views */,
				98EE8491215DC4CD00E7A77D /* Cells */,
			);
			path = CBM;
			sourceTree = "<group>";
		};
		98EE848F215DC49D00E7A77D /* View Controllers */ = {
			isa = PBXGroup;
			children = (
				98D7AF66215C1A5E00DD79F5 /* CBMCancelSubscriptionNavigationController.swift */,
				9811955D215B2245003990DE /* ExampleFormTableViewController.swift */,
				98EE8487215DC32200E7A77D /* CBMConfirmationViewController.swift */,
			);
			path = "View Controllers";
			sourceTree = "<group>";
		};
		98EE8490215DC4B500E7A77D /* Views */ = {
			isa = PBXGroup;
			children = (
				98EE8483215DC2BF00E7A77D /* CBMCustomKeyboardToolBar.swift */,
				98EE848B215DC3A400E7A77D /* CBMUserInfoFooterView.swift */,
				98EE848D215DC3D600E7A77D /* CBMUserInfoHeaderView.swift */,
			);
			path = Views;
			sourceTree = "<group>";
		};
		98EE8491215DC4CD00E7A77D /* Cells */ = {
			isa = PBXGroup;
			children = (
				9811955F215B2407003990DE /* CBMTextInputCell.swift */,
				98DE36BB215EEAB800AD1866 /* Style.swift */,
				9818A213216E425000868565 /* CBMFormTextField.swift */,
			);
			path = Cells;
			sourceTree = "<group>";
		};
		98EE8492215DC7F000E7A77D /* Form Lib */ = {
			isa = PBXGroup;
			children = (
				98119559215B1966003990DE /* CBMFormSectionAttributes.swift */,
				98119557215B1860003990DE /* CBMFormTableViewController.swift */,
				9811955B215B1BD1003990DE /* CBMFormRootCell.swift */,
			);
			path = "Form Lib";
			sourceTree = "<group>";
		};
/* End PBXGroup section */

/* Begin PBXNativeTarget section */
		98119523215B158D003990DE /* FormLibrary */ = {
			isa = PBXNativeTarget;
			buildConfigurationList = 9811954C215B158F003990DE /* Build configuration list for PBXNativeTarget "FormLibrary" */;
			buildPhases = (
				98119520215B158D003990DE /* Sources */,
				98119521215B158D003990DE /* Frameworks */,
				98119522215B158D003990DE /* Resources */,
			);
			buildRules = (
			);
			dependencies = (
			);
			name = FormLibrary;
			productName = FormLibrary;
			productReference = 98119524215B158D003990DE /* FormLibrary.app */;
			productType = "com.apple.product-type.application";
		};
		98119537215B158F003990DE /* FormLibraryTests */ = {
			isa = PBXNativeTarget;
			buildConfigurationList = 9811954F215B158F003990DE /* Build configuration list for PBXNativeTarget "FormLibraryTests" */;
			buildPhases = (
				98119534215B158F003990DE /* Sources */,
				98119535215B158F003990DE /* Frameworks */,
				98119536215B158F003990DE /* Resources */,
			);
			buildRules = (
			);
			dependencies = (
				9811953A215B158F003990DE /* PBXTargetDependency */,
			);
			name = FormLibraryTests;
			productName = FormLibraryTests;
			productReference = 98119538215B158F003990DE /* FormLibraryTests.xctest */;
			productType = "com.apple.product-type.bundle.unit-test";
		};
		98119542215B158F003990DE /* FormLibraryUITests */ = {
			isa = PBXNativeTarget;
			buildConfigurationList = 98119552215B158F003990DE /* Build configuration list for PBXNativeTarget "FormLibraryUITests" */;
			buildPhases = (
				9811953F215B158F003990DE /* Sources */,
				98119540215B158F003990DE /* Frameworks */,
				98119541215B158F003990DE /* Resources */,
			);
			buildRules = (
			);
			dependencies = (
				98119545215B158F003990DE /* PBXTargetDependency */,
			);
			name = FormLibraryUITests;
			productName = FormLibraryUITests;
			productReference = 98119543215B158F003990DE /* FormLibraryUITests.xctest */;
			productType = "com.apple.product-type.bundle.ui-testing";
		};
/* End PBXNativeTarget section */

/* Begin PBXProject section */
		9811951C215B158D003990DE /* Project object */ = {
			isa = PBXProject;
			attributes = {
				LastSwiftUpdateCheck = 0940;
				LastUpgradeCheck = 0940;
				ORGANIZATIONNAME = "Cluk Labs";
				TargetAttributes = {
					98119523215B158D003990DE = {
						CreatedOnToolsVersion = 9.4.1;
					};
					98119537215B158F003990DE = {
						CreatedOnToolsVersion = 9.4.1;
						TestTargetID = 98119523215B158D003990DE;
					};
					98119542215B158F003990DE = {
						CreatedOnToolsVersion = 9.4.1;
						TestTargetID = 98119523215B158D003990DE;
					};
				};
			};
			buildConfigurationList = 9811951F215B158D003990DE /* Build configuration list for PBXProject "FormLibrary" */;
			compatibilityVersion = "Xcode 9.3";
			developmentRegion = en;
			hasScannedForEncodings = 0;
			knownRegions = (
				en,
				Base,
			);
			mainGroup = 9811951B215B158D003990DE;
			productRefGroup = 98119525215B158D003990DE /* Products */;
			projectDirPath = "";
			projectRoot = "";
			targets = (
				98119523215B158D003990DE /* FormLibrary */,
				98119537215B158F003990DE /* FormLibraryTests */,
				98119542215B158F003990DE /* FormLibraryUITests */,
			);
		};
/* End PBXProject section */

/* Begin PBXResourcesBuildPhase section */
		98119522215B158D003990DE /* Resources */ = {
			isa = PBXResourcesBuildPhase;
			buildActionMask = 2147483647;
			files = (
				98119532215B158F003990DE /* LaunchScreen.storyboard in Resources */,
				9811952F215B158F003990DE /* Assets.xcassets in Resources */,
			);
			runOnlyForDeploymentPostprocessing = 0;
		};
		98119536215B158F003990DE /* Resources */ = {
			isa = PBXResourcesBuildPhase;
			buildActionMask = 2147483647;
			files = (
			);
			runOnlyForDeploymentPostprocessing = 0;
		};
		98119541215B158F003990DE /* Resources */ = {
			isa = PBXResourcesBuildPhase;
			buildActionMask = 2147483647;
			files = (
			);
			runOnlyForDeploymentPostprocessing = 0;
		};
/* End PBXResourcesBuildPhase section */

/* Begin PBXSourcesBuildPhase section */
		98119520215B158D003990DE /* Sources */ = {
			isa = PBXSourcesBuildPhase;
			buildActionMask = 2147483647;
			files = (
				9811955E215B2245003990DE /* ExampleFormTableViewController.swift in Sources */,
				98D7AF63215BFEE400DD79F5 /* CBMGeneralUserInfoViewModel.swift in Sources */,
				98EE8484215DC2BF00E7A77D /* CBMCustomKeyboardToolBar.swift in Sources */,
				98119558215B1860003990DE /* CBMFormTableViewController.swift in Sources */,
				98EE848E215DC3D600E7A77D /* CBMUserInfoHeaderView.swift in Sources */,
				98119528215B158D003990DE /* AppDelegate.swift in Sources */,
				98D7AF67215C1A5E00DD79F5 /* CBMCancelSubscriptionNavigationController.swift in Sources */,
				98119560215B2407003990DE /* CBMTextInputCell.swift in Sources */,
				9811955A215B1966003990DE /* CBMFormSectionAttributes.swift in Sources */,
				98EE8486215DC2DC00E7A77D /* CBMCancelBillUserInfo.swift in Sources */,
				9818A214216E425000868565 /* CBMFormTextField.swift in Sources */,
				98EE848A215DC35800E7A77D /* Extensions.swift in Sources */,
				98D7AF69215C321C00DD79F5 /* CBMAddressInfoViewController.swift in Sources */,
				98D7AF6B215C322D00DD79F5 /* CBMAddressInfoViewModel.swift in Sources */,
				98EE848C215DC3A400E7A77D /* CBMUserInfoFooterView.swift in Sources */,
				98DE36BC215EEAB800AD1866 /* Style.swift in Sources */,
				98EE8488215DC32200E7A77D /* CBMConfirmationViewController.swift in Sources */,
				9811955C215B1BD1003990DE /* CBMFormRootCell.swift in Sources */,
			);
			runOnlyForDeploymentPostprocessing = 0;
		};
		98119534215B158F003990DE /* Sources */ = {
			isa = PBXSourcesBuildPhase;
			buildActionMask = 2147483647;
			files = (
				9811953D215B158F003990DE /* FormLibraryTests.swift in Sources */,
			);
			runOnlyForDeploymentPostprocessing = 0;
		};
		9811953F215B158F003990DE /* Sources */ = {
			isa = PBXSourcesBuildPhase;
			buildActionMask = 2147483647;
			files = (
				98119548215B158F003990DE /* FormLibraryUITests.swift in Sources */,
			);
			runOnlyForDeploymentPostprocessing = 0;
		};
/* End PBXSourcesBuildPhase section */

/* Begin PBXTargetDependency section */
		9811953A215B158F003990DE /* PBXTargetDependency */ = {
			isa = PBXTargetDependency;
			target = 98119523215B158D003990DE /* FormLibrary */;
			targetProxy = 98119539215B158F003990DE /* PBXContainerItemProxy */;
		};
		98119545215B158F003990DE /* PBXTargetDependency */ = {
			isa = PBXTargetDependency;
			target = 98119523215B158D003990DE /* FormLibrary */;
			targetProxy = 98119544215B158F003990DE /* PBXContainerItemProxy */;
		};
/* End PBXTargetDependency section */

/* Begin PBXVariantGroup section */
		98119530215B158F003990DE /* LaunchScreen.storyboard */ = {
			isa = PBXVariantGroup;
			children = (
				98119531215B158F003990DE /* Base */,
			);
			name = LaunchScreen.storyboard;
			sourceTree = "<group>";
		};
/* End PBXVariantGroup section */

/* Begin XCBuildConfiguration section */
		9811954A215B158F003990DE /* Debug */ = {
			isa = XCBuildConfiguration;
			buildSettings = {
				ALWAYS_SEARCH_USER_PATHS = NO;
				CLANG_ANALYZER_NONNULL = YES;
				CLANG_ANALYZER_NUMBER_OBJECT_CONVERSION = YES_AGGRESSIVE;
				CLANG_CXX_LANGUAGE_STANDARD = "gnu++14";
				CLANG_CXX_LIBRARY = "libc++";
				CLANG_ENABLE_MODULES = YES;
				CLANG_ENABLE_OBJC_ARC = YES;
				CLANG_ENABLE_OBJC_WEAK = YES;
				CLANG_WARN_BLOCK_CAPTURE_AUTORELEASING = YES;
				CLANG_WARN_BOOL_CONVERSION = YES;
				CLANG_WARN_COMMA = YES;
				CLANG_WARN_CONSTANT_CONVERSION = YES;
				CLANG_WARN_DEPRECATED_OBJC_IMPLEMENTATIONS = YES;
				CLANG_WARN_DIRECT_OBJC_ISA_USAGE = YES_ERROR;
				CLANG_WARN_DOCUMENTATION_COMMENTS = YES;
				CLANG_WARN_EMPTY_BODY = YES;
				CLANG_WARN_ENUM_CONVERSION = YES;
				CLANG_WARN_INFINITE_RECURSION = YES;
				CLANG_WARN_INT_CONVERSION = YES;
				CLANG_WARN_NON_LITERAL_NULL_CONVERSION = YES;
				CLANG_WARN_OBJC_IMPLICIT_RETAIN_SELF = YES;
				CLANG_WARN_OBJC_LITERAL_CONVERSION = YES;
				CLANG_WARN_OBJC_ROOT_CLASS = YES_ERROR;
				CLANG_WARN_RANGE_LOOP_ANALYSIS = YES;
				CLANG_WARN_STRICT_PROTOTYPES = YES;
				CLANG_WARN_SUSPICIOUS_MOVE = YES;
				CLANG_WARN_UNGUARDED_AVAILABILITY = YES_AGGRESSIVE;
				CLANG_WARN_UNREACHABLE_CODE = YES;
				CLANG_WARN__DUPLICATE_METHOD_MATCH = YES;
				CODE_SIGN_IDENTITY = "iPhone Developer";
				COPY_PHASE_STRIP = NO;
				DEBUG_INFORMATION_FORMAT = dwarf;
				ENABLE_STRICT_OBJC_MSGSEND = YES;
				ENABLE_TESTABILITY = YES;
				GCC_C_LANGUAGE_STANDARD = gnu11;
				GCC_DYNAMIC_NO_PIC = NO;
				GCC_NO_COMMON_BLOCKS = YES;
				GCC_OPTIMIZATION_LEVEL = 0;
				GCC_PREPROCESSOR_DEFINITIONS = (
					"DEBUG=1",
					"$(inherited)",
				);
				GCC_WARN_64_TO_32_BIT_CONVERSION = YES;
				GCC_WARN_ABOUT_RETURN_TYPE = YES_ERROR;
				GCC_WARN_UNDECLARED_SELECTOR = YES;
				GCC_WARN_UNINITIALIZED_AUTOS = YES_AGGRESSIVE;
				GCC_WARN_UNUSED_FUNCTION = YES;
				GCC_WARN_UNUSED_VARIABLE = YES;
				IPHONEOS_DEPLOYMENT_TARGET = 11.4;
				MTL_ENABLE_DEBUG_INFO = YES;
				ONLY_ACTIVE_ARCH = YES;
				SDKROOT = iphoneos;
				SWIFT_ACTIVE_COMPILATION_CONDITIONS = DEBUG;
				SWIFT_OPTIMIZATION_LEVEL = "-Onone";
			};
			name = Debug;
		};
		9811954B215B158F003990DE /* Release */ = {
			isa = XCBuildConfiguration;
			buildSettings = {
				ALWAYS_SEARCH_USER_PATHS = NO;
				CLANG_ANALYZER_NONNULL = YES;
				CLANG_ANALYZER_NUMBER_OBJECT_CONVERSION = YES_AGGRESSIVE;
				CLANG_CXX_LANGUAGE_STANDARD = "gnu++14";
				CLANG_CXX_LIBRARY = "libc++";
				CLANG_ENABLE_MODULES = YES;
				CLANG_ENABLE_OBJC_ARC = YES;
				CLANG_ENABLE_OBJC_WEAK = YES;
				CLANG_WARN_BLOCK_CAPTURE_AUTORELEASING = YES;
				CLANG_WARN_BOOL_CONVERSION = YES;
				CLANG_WARN_COMMA = YES;
				CLANG_WARN_CONSTANT_CONVERSION = YES;
				CLANG_WARN_DEPRECATED_OBJC_IMPLEMENTATIONS = YES;
				CLANG_WARN_DIRECT_OBJC_ISA_USAGE = YES_ERROR;
				CLANG_WARN_DOCUMENTATION_COMMENTS = YES;
				CLANG_WARN_EMPTY_BODY = YES;
				CLANG_WARN_ENUM_CONVERSION = YES;
				CLANG_WARN_INFINITE_RECURSION = YES;
				CLANG_WARN_INT_CONVERSION = YES;
				CLANG_WARN_NON_LITERAL_NULL_CONVERSION = YES;
				CLANG_WARN_OBJC_IMPLICIT_RETAIN_SELF = YES;
				CLANG_WARN_OBJC_LITERAL_CONVERSION = YES;
				CLANG_WARN_OBJC_ROOT_CLASS = YES_ERROR;
				CLANG_WARN_RANGE_LOOP_ANALYSIS = YES;
				CLANG_WARN_STRICT_PROTOTYPES = YES;
				CLANG_WARN_SUSPICIOUS_MOVE = YES;
				CLANG_WARN_UNGUARDED_AVAILABILITY = YES_AGGRESSIVE;
				CLANG_WARN_UNREACHABLE_CODE = YES;
				CLANG_WARN__DUPLICATE_METHOD_MATCH = YES;
				CODE_SIGN_IDENTITY = "iPhone Developer";
				COPY_PHASE_STRIP = NO;
				DEBUG_INFORMATION_FORMAT = "dwarf-with-dsym";
				ENABLE_NS_ASSERTIONS = NO;
				ENABLE_STRICT_OBJC_MSGSEND = YES;
				GCC_C_LANGUAGE_STANDARD = gnu11;
				GCC_NO_COMMON_BLOCKS = YES;
				GCC_WARN_64_TO_32_BIT_CONVERSION = YES;
				GCC_WARN_ABOUT_RETURN_TYPE = YES_ERROR;
				GCC_WARN_UNDECLARED_SELECTOR = YES;
				GCC_WARN_UNINITIALIZED_AUTOS = YES_AGGRESSIVE;
				GCC_WARN_UNUSED_FUNCTION = YES;
				GCC_WARN_UNUSED_VARIABLE = YES;
				IPHONEOS_DEPLOYMENT_TARGET = 11.4;
				MTL_ENABLE_DEBUG_INFO = NO;
				SDKROOT = iphoneos;
				SWIFT_COMPILATION_MODE = wholemodule;
				SWIFT_OPTIMIZATION_LEVEL = "-O";
				VALIDATE_PRODUCT = YES;
			};
			name = Release;
		};
		9811954D215B158F003990DE /* Debug */ = {
			isa = XCBuildConfiguration;
			buildSettings = {
				ASSETCATALOG_COMPILER_APPICON_NAME = AppIcon;
				CODE_SIGN_STYLE = Automatic;
				DEVELOPMENT_TEAM = 26Z24PM6F7;
				INFOPLIST_FILE = FormLibrary/Info.plist;
				LD_RUNPATH_SEARCH_PATHS = (
					"$(inherited)",
					"@executable_path/Frameworks",
				);
				PRODUCT_BUNDLE_IDENTIFIER = clukLabs.FormLibrary;
				PRODUCT_NAME = "$(TARGET_NAME)";
				SWIFT_VERSION = 4.0;
				TARGETED_DEVICE_FAMILY = "1,2";
			};
			name = Debug;
		};
		9811954E215B158F003990DE /* Release */ = {
			isa = XCBuildConfiguration;
			buildSettings = {
				ASSETCATALOG_COMPILER_APPICON_NAME = AppIcon;
				CODE_SIGN_STYLE = Automatic;
				DEVELOPMENT_TEAM = 26Z24PM6F7;
				INFOPLIST_FILE = FormLibrary/Info.plist;
				LD_RUNPATH_SEARCH_PATHS = (
					"$(inherited)",
					"@executable_path/Frameworks",
				);
				PRODUCT_BUNDLE_IDENTIFIER = clukLabs.FormLibrary;
				PRODUCT_NAME = "$(TARGET_NAME)";
				SWIFT_VERSION = 4.0;
				TARGETED_DEVICE_FAMILY = "1,2";
			};
			name = Release;
		};
		98119550215B158F003990DE /* Debug */ = {
			isa = XCBuildConfiguration;
			buildSettings = {
				ALWAYS_EMBED_SWIFT_STANDARD_LIBRARIES = YES;
				BUNDLE_LOADER = "$(TEST_HOST)";
				CODE_SIGN_STYLE = Automatic;
				DEVELOPMENT_TEAM = 26Z24PM6F7;
				INFOPLIST_FILE = FormLibraryTests/Info.plist;
				LD_RUNPATH_SEARCH_PATHS = (
					"$(inherited)",
					"@executable_path/Frameworks",
					"@loader_path/Frameworks",
				);
				PRODUCT_BUNDLE_IDENTIFIER = clukLabs.FormLibraryTests;
				PRODUCT_NAME = "$(TARGET_NAME)";
				SWIFT_VERSION = 4.0;
				TARGETED_DEVICE_FAMILY = "1,2";
				TEST_HOST = "$(BUILT_PRODUCTS_DIR)/FormLibrary.app/FormLibrary";
			};
			name = Debug;
		};
		98119551215B158F003990DE /* Release */ = {
			isa = XCBuildConfiguration;
			buildSettings = {
				ALWAYS_EMBED_SWIFT_STANDARD_LIBRARIES = YES;
				BUNDLE_LOADER = "$(TEST_HOST)";
				CODE_SIGN_STYLE = Automatic;
				DEVELOPMENT_TEAM = 26Z24PM6F7;
				INFOPLIST_FILE = FormLibraryTests/Info.plist;
				LD_RUNPATH_SEARCH_PATHS = (
					"$(inherited)",
					"@executable_path/Frameworks",
					"@loader_path/Frameworks",
				);
				PRODUCT_BUNDLE_IDENTIFIER = clukLabs.FormLibraryTests;
				PRODUCT_NAME = "$(TARGET_NAME)";
				SWIFT_VERSION = 4.0;
				TARGETED_DEVICE_FAMILY = "1,2";
				TEST_HOST = "$(BUILT_PRODUCTS_DIR)/FormLibrary.app/FormLibrary";
			};
			name = Release;
		};
		98119553215B158F003990DE /* Debug */ = {
			isa = XCBuildConfiguration;
			buildSettings = {
				ALWAYS_EMBED_SWIFT_STANDARD_LIBRARIES = YES;
				CODE_SIGN_STYLE = Automatic;
				DEVELOPMENT_TEAM = 26Z24PM6F7;
				INFOPLIST_FILE = FormLibraryUITests/Info.plist;
				LD_RUNPATH_SEARCH_PATHS = (
					"$(inherited)",
					"@executable_path/Frameworks",
					"@loader_path/Frameworks",
				);
				PRODUCT_BUNDLE_IDENTIFIER = clukLabs.FormLibraryUITests;
				PRODUCT_NAME = "$(TARGET_NAME)";
				SWIFT_VERSION = 4.0;
				TARGETED_DEVICE_FAMILY = "1,2";
				TEST_TARGET_NAME = FormLibrary;
			};
			name = Debug;
		};
		98119554215B158F003990DE /* Release */ = {
			isa = XCBuildConfiguration;
			buildSettings = {
				ALWAYS_EMBED_SWIFT_STANDARD_LIBRARIES = YES;
				CODE_SIGN_STYLE = Automatic;
				DEVELOPMENT_TEAM = 26Z24PM6F7;
				INFOPLIST_FILE = FormLibraryUITests/Info.plist;
				LD_RUNPATH_SEARCH_PATHS = (
					"$(inherited)",
					"@executable_path/Frameworks",
					"@loader_path/Frameworks",
				);
				PRODUCT_BUNDLE_IDENTIFIER = clukLabs.FormLibraryUITests;
				PRODUCT_NAME = "$(TARGET_NAME)";
				SWIFT_VERSION = 4.0;
				TARGETED_DEVICE_FAMILY = "1,2";
				TEST_TARGET_NAME = FormLibrary;
			};
			name = Release;
		};
/* End XCBuildConfiguration section */

/* Begin XCConfigurationList section */
		9811951F215B158D003990DE /* Build configuration list for PBXProject "FormLibrary" */ = {
			isa = XCConfigurationList;
			buildConfigurations = (
				9811954A215B158F003990DE /* Debug */,
				9811954B215B158F003990DE /* Release */,
			);
			defaultConfigurationIsVisible = 0;
			defaultConfigurationName = Release;
		};
		9811954C215B158F003990DE /* Build configuration list for PBXNativeTarget "FormLibrary" */ = {
			isa = XCConfigurationList;
			buildConfigurations = (
				9811954D215B158F003990DE /* Debug */,
				9811954E215B158F003990DE /* Release */,
			);
			defaultConfigurationIsVisible = 0;
			defaultConfigurationName = Release;
		};
		9811954F215B158F003990DE /* Build configuration list for PBXNativeTarget "FormLibraryTests" */ = {
			isa = XCConfigurationList;
			buildConfigurations = (
				98119550215B158F003990DE /* Debug */,
				98119551215B158F003990DE /* Release */,
			);
			defaultConfigurationIsVisible = 0;
			defaultConfigurationName = Release;
		};
		98119552215B158F003990DE /* Build configuration list for PBXNativeTarget "FormLibraryUITests" */ = {
			isa = XCConfigurationList;
			buildConfigurations = (
				98119553215B158F003990DE /* Debug */,
				98119554215B158F003990DE /* Release */,
			);
			defaultConfigurationIsVisible = 0;
			defaultConfigurationName = Release;
		};
/* End XCConfigurationList section */
	};
	rootObject = 9811951C215B158D003990DE /* Project object */;
}
